
Microsoft Visual Studio Solution File, Format Version 12.00
# Visual Studio Version 17
VisualStudioVersion = 17.0.31903.59
MinimumVisualStudioVersion = 10.0.40219.1
Project("{FAE04EC0-301F-11D3-BF4B-00C04F79EFBC}") = "Zaya.ScreenTranslator.Impl.Shared", "src\Zaya.ScreenTranslator.Impl.Shared\Zaya.ScreenTranslator.Impl.Shared.csproj", "{ECA626C1-0E6A-46E4-8358-9426D6B0FB26}"
EndProject
Project("{FAE04EC0-301F-11D3-BF4B-00C04F79EFBC}") = "Zaya.ScreenTranslator.Impl.Windows", "src\Zaya.ScreenTranslator.Impl.Windows\Zaya.ScreenTranslator.Impl.Windows.csproj", "{3648FCB8-BF2E-4AF3-9D69-70831D98580B}"
EndProject
Project("{FAE04EC0-301F-11D3-BF4B-00C04F79EFBC}") = "Zaya.ScreenTranslator.Impl.Unix", "src\Zaya.ScreenTranslator.Impl.Unix\Zaya.ScreenTranslator.Impl.Unix.csproj", "{CD108920-DEED-45E6-A399-DB391615B541}"
EndProject
Project("{FAE04EC0-301F-11D3-BF4B-00C04F79EFBC}") = "Zaya.ScreenTranslator.Layout", "src\Zaya.ScreenTranslator.Layout\Zaya.ScreenTranslator.Layout.csproj", "{A1B2C3D4-E5F6-7890-ABCD-EF1234567890}"
EndProject
Project("{FAE04EC0-301F-11D3-BF4B-00C04F79EFBC}") = "Zaya.ScreenTranslator.Layout.Impl", "src\Zaya.ScreenTranslator.Layout.Impl\Zaya.ScreenTranslator.Layout.Impl.csproj", "{B2C3D4E5-F6A7-8901-BCDE-F12345678901}"
EndProject
Global
	GlobalSection(SolutionConfigurationPlatforms) = preSolution
		Debug|Any CPU = Debug|Any CPU
		Debug|x64 = Debug|x64
		Debug|x86 = Debug|x86
		Release|Any CPU = Release|Any CPU
		Release|x64 = Release|x64
		Release|x86 = Release|x86
	EndGlobalSection
	GlobalSection(ProjectConfigurationPlatforms) = postSolution
		{ECA626C1-0E6A-46E4-8358-9426D6B0FB26}.Debug|Any CPU.ActiveCfg = Debug|Any CPU
		{ECA626C1-0E6A-46E4-8358-9426D6B0FB26}.Debug|Any CPU.Build.0 = Debug|Any CPU
		{ECA626C1-0E6A-46E4-8358-9426D6B0FB26}.Debug|x64.ActiveCfg = Debug|Any CPU
		{ECA626C1-0E6A-46E4-8358-9426D6B0FB26}.Debug|x64.Build.0 = Debug|Any CPU
		{ECA626C1-0E6A-46E4-8358-9426D6B0FB26}.Debug|x86.ActiveCfg = Debug|Any CPU
		{ECA626C1-0E6A-46E4-8358-9426D6B0FB26}.Debug|x86.Build.0 = Debug|Any CPU
		{ECA626C1-0E6A-46E4-8358-9426D6B0FB26}.Release|Any CPU.ActiveCfg = Release|Any CPU
		{ECA626C1-0E6A-46E4-8358-9426D6B0FB26}.Release|Any CPU.Build.0 = Release|Any CPU
		{ECA626C1-0E6A-46E4-8358-9426D6B0FB26}.Release|x64.ActiveCfg = Release|Any CPU
		{ECA626C1-0E6A-46E4-8358-9426D6B0FB26}.Release|x64.Build.0 = Release|Any CPU
		{ECA626C1-0E6A-46E4-8358-9426D6B0FB26}.Release|x86.ActiveCfg = Release|Any CPU
		{ECA626C1-0E6A-46E4-8358-9426D6B0FB26}.Release|x86.Build.0 = Release|Any CPU
		{3648FCB8-BF2E-4AF3-9D69-70831D98580B}.Debug|Any CPU.ActiveCfg = Debug|Any CPU
		{3648FCB8-BF2E-4AF3-9D69-70831D98580B}.Debug|Any CPU.Build.0 = Debug|Any CPU
		{3648FCB8-BF2E-4AF3-9D69-70831D98580B}.Debug|x64.ActiveCfg = Debug|Any CPU
		{3648FCB8-BF2E-4AF3-9D69-70831D98580B}.Debug|x64.Build.0 = Debug|Any CPU
		{3648FCB8-BF2E-4AF3-9D69-70831D98580B}.Debug|x86.ActiveCfg = Debug|Any CPU
		{3648FCB8-BF2E-4AF3-9D69-70831D98580B}.Debug|x86.Build.0 = Debug|Any CPU
		{3648FCB8-BF2E-4AF3-9D69-70831D98580B}.Release|Any CPU.ActiveCfg = Release|Any CPU
		{3648FCB8-BF2E-4AF3-9D69-70831D98580B}.Release|Any CPU.Build.0 = Release|Any CPU
		{3648FCB8-BF2E-4AF3-9D69-70831D98580B}.Release|x64.ActiveCfg = Release|Any CPU
		{3648FCB8-BF2E-4AF3-9D69-70831D98580B}.Release|x64.Build.0 = Release|Any CPU
		{3648FCB8-BF2E-4AF3-9D69-70831D98580B}.Release|x86.ActiveCfg = Release|Any CPU
		{3648FCB8-BF2E-4AF3-9D69-70831D98580B}.Release|x86.Build.0 = Release|Any CPU
		{CD108920-DEED-45E6-A399-DB391615B541}.Debug|Any CPU.ActiveCfg = Debug|Any CPU
		{CD108920-DEED-45E6-A399-DB391615B541}.Debug|Any CPU.Build.0 = Debug|Any CPU
		{CD108920-DEED-45E6-A399-DB391615B541}.Debug|x64.ActiveCfg = Debug|Any CPU
		{CD108920-DEED-45E6-A399-DB391615B541}.Debug|x64.Build.0 = Debug|Any CPU
		{CD108920-DEED-45E6-A399-DB391615B541}.Debug|x86.ActiveCfg = Debug|Any CPU
		{CD108920-DEED-45E6-A399-DB391615B541}.Debug|x86.Build.0 = Debug|Any CPU
		{CD108920-DEED-45E6-A399-DB391615B541}.Release|Any CPU.ActiveCfg = Release|Any CPU
		{CD108920-DEED-45E6-A399-DB391615B541}.Release|Any CPU.Build.0 = Release|Any CPU
		{CD108920-DEED-45E6-A399-DB391615B541}.Release|x64.ActiveCfg = Release|Any CPU
		{CD108920-DEED-45E6-A399-DB391615B541}.Release|x64.Build.0 = Release|Any CPU
		{CD108920-DEED-45E6-A399-DB391615B541}.Release|x86.ActiveCfg = Release|Any CPU
		{CD108920-DEED-45E6-A399-DB391615B541}.Release|x86.Build.0 = Release|Any CPU
		{A1B2C3D4-E5F6-7890-ABCD-EF1234567890}.Debug|Any CPU.ActiveCfg = Debug|Any CPU
		{A1B2C3D4-E5F6-7890-ABCD-EF1234567890}.Debug|Any CPU.Build.0 = Debug|Any CPU
		{A1B2C3D4-E5F6-7890-ABCD-EF1234567890}.Debug|x64.ActiveCfg = Debug|Any CPU
		{A1B2C3D4-E5F6-7890-ABCD-EF1234567890}.Debug|x64.Build.0 = Debug|Any CPU
		{A1B2C3D4-E5F6-7890-ABCD-EF1234567890}.Debug|x86.ActiveCfg = Debug|Any CPU
		{A1B2C3D4-E5F6-7890-ABCD-EF1234567890}.Debug|x86.Build.0 = Debug|Any CPU
		{A1B2C3D4-E5F6-7890-ABCD-EF1234567890}.Release|Any CPU.ActiveCfg = Release|Any CPU
		{A1B2C3D4-E5F6-7890-ABCD-EF1234567890}.Release|Any CPU.Build.0 = Release|Any CPU
		{A1B2C3D4-E5F6-7890-ABCD-EF1234567890}.Release|x64.ActiveCfg = Release|Any CPU
		{A1B2C3D4-E5F6-7890-ABCD-EF1234567890}.Release|x64.Build.0 = Release|Any CPU
		{A1B2C3D4-E5F6-7890-ABCD-EF1234567890}.Release|x86.ActiveCfg = Release|Any CPU
		{A1B2C3D4-E5F6-7890-ABCD-EF1234567890}.Release|x86.Build.0 = Release|Any CPU
		{B2C3D4E5-F6A7-8901-BCDE-F12345678901}.Debug|Any CPU.ActiveCfg = Debug|Any CPU
		{B2C3D4E5-F6A7-8901-BCDE-F12345678901}.Debug|Any CPU.Build.0 = Debug|Any CPU
		{B2C3D4E5-F6A7-8901-BCDE-F12345678901}.Debug|x64.ActiveCfg = Debug|Any CPU
		{B2C3D4E5-F6A7-8901-BCDE-F12345678901}.Debug|x64.Build.0 = Debug|Any CPU
		{B2C3D4E5-F6A7-8901-BCDE-F12345678901}.Debug|x86.ActiveCfg = Debug|Any CPU
		{B2C3D4E5-F6A7-8901-BCDE-F12345678901}.Debug|x86.Build.0 = Debug|Any CPU
		{B2C3D4E5-F6A7-8901-BCDE-F12345678901}.Release|Any CPU.ActiveCfg = Release|Any CPU
		{B2C3D4E5-F6A7-8901-BCDE-F12345678901}.Release|Any CPU.Build.0 = Release|Any CPU
		{B2C3D4E5-F6A7-8901-BCDE-F12345678901}.Release|x64.ActiveCfg = Release|Any CPU
		{B2C3D4E5-F6A7-8901-BCDE-F12345678901}.Release|x64.Build.0 = Release|Any CPU
		{B2C3D4E5-F6A7-8901-BCDE-F12345678901}.Release|x86.ActiveCfg = Release|Any CPU
		{B2C3D4E5-F6A7-8901-BCDE-F12345678901}.Release|x86.Build.0 = Release|Any CPU
	EndGlobalSection
	GlobalSection(SolutionProperties) = preSolution
		HideSolutionNode = FALSE
	EndGlobalSection
EndGlobal
