
Microsoft Visual Studio Solution File, Format Version 12.00
# Visual Studio Version 17
VisualStudioVersion = 17.0.31903.59
MinimumVisualStudioVersion = 10.0.40219.1
Project("{FAE04EC0-301F-11D3-BF4B-00C04F79EFBC}") = "Zaya.ScreenTranslator.Impl.Shared", "src\Zaya.ScreenTranslator.Impl.Shared\Zaya.ScreenTranslator.Impl.Shared.csproj", "{ECA626C1-0E6A-46E4-8358-9426D6B0FB26}"
EndProject
Project("{FAE04EC0-301F-11D3-BF4B-00C04F79EFBC}") = "Zaya.ScreenTranslator.Impl.Windows", "src\Zaya.ScreenTranslator.Impl.Windows\Zaya.ScreenTranslator.Impl.Windows.csproj", "{3648FCB8-BF2E-4AF3-9D69-70831D98580B}"
EndProject
Project("{FAE04EC0-301F-11D3-BF4B-00C04F79EFBC}") = "Zaya.ScreenTranslator.Impl.Unix", "src\Zaya.ScreenTranslator.Impl.Unix\Zaya.ScreenTranslator.Impl.Unix.csproj", "{CD108920-DEED-45E6-A399-DB391615B541}"
EndProject
Project("{2150E333-8FDC-42A3-9474-1A3956D46DE8}") = "src", "src", "{827E0CD3-B72D-47B6-A68D-7590B98EB39B}"
EndProject
Project("{FAE04EC0-301F-11D3-BF4B-00C04F79EFBC}") = "Zaya.ScreenTranslator.Impl.Layout", "src\Zaya.ScreenTranslator.Impl.Layout\Zaya.ScreenTranslator.Impl.Layout.csproj", "{7BAF5D1D-F049-46E1-84FB-E6E776E640EF}"
EndProject
Global
	GlobalSection(SolutionConfigurationPlatforms) = preSolution
		Debug|Any CPU = Debug|Any CPU
		Debug|x64 = Debug|x64
		Debug|x86 = Debug|x86
		Release|Any CPU = Release|Any CPU
		Release|x64 = Release|x64
		Release|x86 = Release|x86
	EndGlobalSection
	GlobalSection(ProjectConfigurationPlatforms) = postSolution
		{ECA626C1-0E6A-46E4-8358-9426D6B0FB26}.Debug|Any CPU.ActiveCfg = Debug|Any CPU
		{ECA626C1-0E6A-46E4-8358-9426D6B0FB26}.Debug|Any CPU.Build.0 = Debug|Any CPU
		{ECA626C1-0E6A-46E4-8358-9426D6B0FB26}.Debug|x64.ActiveCfg = Debug|Any CPU
		{ECA626C1-0E6A-46E4-8358-9426D6B0FB26}.Debug|x64.Build.0 = Debug|Any CPU
		{ECA626C1-0E6A-46E4-8358-9426D6B0FB26}.Debug|x86.ActiveCfg = Debug|Any CPU
		{ECA626C1-0E6A-46E4-8358-9426D6B0FB26}.Debug|x86.Build.0 = Debug|Any CPU
		{ECA626C1-0E6A-46E4-8358-9426D6B0FB26}.Release|Any CPU.ActiveCfg = Release|Any CPU
		{ECA626C1-0E6A-46E4-8358-9426D6B0FB26}.Release|Any CPU.Build.0 = Release|Any CPU
		{ECA626C1-0E6A-46E4-8358-9426D6B0FB26}.Release|x64.ActiveCfg = Release|Any CPU
		{ECA626C1-0E6A-46E4-8358-9426D6B0FB26}.Release|x64.Build.0 = Release|Any CPU
		{ECA626C1-0E6A-46E4-8358-9426D6B0FB26}.Release|x86.ActiveCfg = Release|Any CPU
		{ECA626C1-0E6A-46E4-8358-9426D6B0FB26}.Release|x86.Build.0 = Release|Any CPU
		{3648FCB8-BF2E-4AF3-9D69-70831D98580B}.Debug|Any CPU.ActiveCfg = Debug|Any CPU
		{3648FCB8-BF2E-4AF3-9D69-70831D98580B}.Debug|Any CPU.Build.0 = Debug|Any CPU
		{3648FCB8-BF2E-4AF3-9D69-70831D98580B}.Debug|x64.ActiveCfg = Debug|Any CPU
		{3648FCB8-BF2E-4AF3-9D69-70831D98580B}.Debug|x64.Build.0 = Debug|Any CPU
		{3648FCB8-BF2E-4AF3-9D69-70831D98580B}.Debug|x86.ActiveCfg = Debug|Any CPU
		{3648FCB8-BF2E-4AF3-9D69-70831D98580B}.Debug|x86.Build.0 = Debug|Any CPU
		{3648FCB8-BF2E-4AF3-9D69-70831D98580B}.Release|Any CPU.ActiveCfg = Release|Any CPU
		{3648FCB8-BF2E-4AF3-9D69-70831D98580B}.Release|Any CPU.Build.0 = Release|Any CPU
		{3648FCB8-BF2E-4AF3-9D69-70831D98580B}.Release|x64.ActiveCfg = Release|Any CPU
		{3648FCB8-BF2E-4AF3-9D69-70831D98580B}.Release|x64.Build.0 = Release|Any CPU
		{3648FCB8-BF2E-4AF3-9D69-70831D98580B}.Release|x86.ActiveCfg = Release|Any CPU
		{3648FCB8-BF2E-4AF3-9D69-70831D98580B}.Release|x86.Build.0 = Release|Any CPU
		{CD108920-DEED-45E6-A399-DB391615B541}.Debug|Any CPU.ActiveCfg = Debug|Any CPU
		{CD108920-DEED-45E6-A399-DB391615B541}.Debug|Any CPU.Build.0 = Debug|Any CPU
		{CD108920-DEED-45E6-A399-DB391615B541}.Debug|x64.ActiveCfg = Debug|Any CPU
		{CD108920-DEED-45E6-A399-DB391615B541}.Debug|x64.Build.0 = Debug|Any CPU
		{CD108920-DEED-45E6-A399-DB391615B541}.Debug|x86.ActiveCfg = Debug|Any CPU
		{CD108920-DEED-45E6-A399-DB391615B541}.Debug|x86.Build.0 = Debug|Any CPU
		{CD108920-DEED-45E6-A399-DB391615B541}.Release|Any CPU.ActiveCfg = Release|Any CPU
		{CD108920-DEED-45E6-A399-DB391615B541}.Release|Any CPU.Build.0 = Release|Any CPU
		{CD108920-DEED-45E6-A399-DB391615B541}.Release|x64.ActiveCfg = Release|Any CPU
		{CD108920-DEED-45E6-A399-DB391615B541}.Release|x64.Build.0 = Release|Any CPU
		{CD108920-DEED-45E6-A399-DB391615B541}.Release|x86.ActiveCfg = Release|Any CPU
		{CD108920-DEED-45E6-A399-DB391615B541}.Release|x86.Build.0 = Release|Any CPU
		{7BAF5D1D-F049-46E1-84FB-E6E776E640EF}.Debug|Any CPU.ActiveCfg = Debug|Any CPU
		{7BAF5D1D-F049-46E1-84FB-E6E776E640EF}.Debug|Any CPU.Build.0 = Debug|Any CPU
		{7BAF5D1D-F049-46E1-84FB-E6E776E640EF}.Debug|x64.ActiveCfg = Debug|Any CPU
		{7BAF5D1D-F049-46E1-84FB-E6E776E640EF}.Debug|x64.Build.0 = Debug|Any CPU
		{7BAF5D1D-F049-46E1-84FB-E6E776E640EF}.Debug|x86.ActiveCfg = Debug|Any CPU
		{7BAF5D1D-F049-46E1-84FB-E6E776E640EF}.Debug|x86.Build.0 = Debug|Any CPU
		{7BAF5D1D-F049-46E1-84FB-E6E776E640EF}.Release|Any CPU.ActiveCfg = Release|Any CPU
		{7BAF5D1D-F049-46E1-84FB-E6E776E640EF}.Release|Any CPU.Build.0 = Release|Any CPU
		{7BAF5D1D-F049-46E1-84FB-E6E776E640EF}.Release|x64.ActiveCfg = Release|Any CPU
		{7BAF5D1D-F049-46E1-84FB-E6E776E640EF}.Release|x64.Build.0 = Release|Any CPU
		{7BAF5D1D-F049-46E1-84FB-E6E776E640EF}.Release|x86.ActiveCfg = Release|Any CPU
		{7BAF5D1D-F049-46E1-84FB-E6E776E640EF}.Release|x86.Build.0 = Release|Any CPU
	EndGlobalSection
	GlobalSection(SolutionProperties) = preSolution
		HideSolutionNode = FALSE
	EndGlobalSection
	GlobalSection(NestedProjects) = preSolution
		{7BAF5D1D-F049-46E1-84FB-E6E776E640EF} = {827E0CD3-B72D-47B6-A68D-7590B98EB39B}
	EndGlobalSection
EndGlobal
